# THIS IS AN AUTOGENERATED FILE. DO NOT EDIT THIS FILE DIRECTLY.
# yarn lockfile v1


"@babel/runtime-corejs3@7.14.6":
  version "7.14.6"
  resolved "https://registry.yarnpkg.com/@babel/runtime-corejs3/-/runtime-corejs3-7.14.6.tgz#066b966eda40481740180cb3caab861a3f208cd3"
  integrity sha512-Xl8SPYtdjcMoCsIM4teyVRg7jIcgl8F2kRtoCcXuHzXswt9UxZCS6BzRo8fcnCuP6u2XtPgvyonmEPF57Kxo9Q==
  dependencies:
    core-js-pure "^3.14.0"
    regenerator-runtime "^0.13.4"

"@babel/runtime@7.14.6":
  version "7.14.6"
  resolved "https://registry.yarnpkg.com/@babel/runtime/-/runtime-7.14.6.tgz#535203bc0892efc7dec60bdc27b2ecf6e409062d"
  integrity sha512-/PCB2uJ7oM44tz8YhC4Z/6PeOKXp4K588f+5M3clr1M4zbqztlo0XEfJ2LEzj/FgwfgGcIdl8n7YYjTCI0BYwg==
  dependencies:
    regenerator-runtime "^0.13.4"

core-js-pure@^3.14.0:
  version "3.15.2"
  resolved "https://registry.yarnpkg.com/core-js-pure/-/core-js-pure-3.15.2.tgz#c8e0874822705f3385d3197af9348f7c9ae2e3ce"
  integrity sha512-D42L7RYh1J2grW8ttxoY1+17Y4wXZeKe7uyplAI3FkNQyI5OgBIAjUfFiTPfL1rs0qLpxaabITNbjKl1Sp82tA==

crypto-js@4.0.0:
  version "4.0.0"
  resolved "https://registry.yarnpkg.com/crypto-js/-/crypto-js-4.0.0.tgz#2904ab2677a9d042856a2ea2ef80de92e4a36dcc"
  integrity sha512-bzHZN8Pn+gS7DQA6n+iUmBfl0hO5DJq++QP3U6uTucDtk/0iGpXd/Gg7CGR0p8tJhofJyaKoWBuJI4eAO00BBg==

idb-keyval@5.0.6:
  version "5.0.6"
  resolved "https://registry.yarnpkg.com/idb-keyval/-/idb-keyval-5.0.6.tgz#62fe4a6703fb5ec86661f41330c94fda65e6d0e6"
  integrity sha512-6lJuVbwyo82mKSH6Wq2eHkt9LcbwHAelMIcMe0tP4p20Pod7tTxq9zf0ge2n/YDfMOpDryerfmmYyuQiaFaKOg==

parse@^3.3.0:
  version "3.3.0"
  resolved "https://registry.yarnpkg.com/parse/-/parse-3.3.0.tgz#96b9ae164a42612c0db9a5be601a772a4b4d0df0"
  integrity sha512-SQkTDupU7JQBJpYFIpO8TlQjUtjboUdkXaak57pjoC1ZVbhaiNyLsdYbrlM0B+sNYhlvcMh7zwZW48u10+zm0A==
  dependencies:
    "@babel/runtime" "7.14.6"
    "@babel/runtime-corejs3" "7.14.6"
    idb-keyval "5.0.6"
    react-native-crypto-js "1.0.0"
    uuid "3.4.0"
    ws "7.5.0"
    xmlhttprequest "1.8.0"
  optionalDependencies:
    crypto-js "4.0.0"

react-native-crypto-js@1.0.0:
  version "1.0.0"
  resolved "https://registry.yarnpkg.com/react-native-crypto-js/-/react-native-crypto-js-1.0.0.tgz#e677e022e147f41b35614416c92d655f87e2450a"
  integrity sha512-FNbLuG/HAdapQoybeZSoes1PWdOj0w242gb+e1R0hicf3Gyj/Mf8M9NaED2AnXVOX01b2FXomwUiw1xP1K+8sA==

regenerator-runtime@^0.13.4:
  version "0.13.7"
  resolved "https://registry.yarnpkg.com/regenerator-runtime/-/regenerator-runtime-0.13.7.tgz#cac2dacc8a1ea675feaabaeb8ae833898ae46f55"
  integrity sha512-a54FxoJDIr27pgf7IgeQGxmqUNYrcV338lf/6gH456HZ/PhX+5BcwHXG9ajESmwe6WRO0tAzRUrRmNONWgkrew==

uuid@3.4.0:
  version "3.4.0"
  resolved "https://registry.yarnpkg.com/uuid/-/uuid-3.4.0.tgz#b23e4358afa8a202fe7a100af1f5f883f02007ee"
  integrity sha512-HjSDRw6gZE5JMggctHBcjVak08+KEVhSIiDzFnT9S9aegmp85S/bReBVTb4QTFaRNptJ9kuYaNhnbNEOkbKb/A==

ws@7.5.0:
  version "7.5.0"
  resolved "https://registry.yarnpkg.com/ws/-/ws-7.5.0.tgz#0033bafea031fb9df041b2026fc72a571ca44691"
  integrity sha512-6ezXvzOZupqKj4jUqbQ9tXuJNo+BR2gU8fFRk3XCP3e0G6WT414u5ELe6Y0vtp7kmSJ3F7YWObSNr1ESsgi4vw==

xmlhttprequest@1.8.0:
  version "1.8.0"
  resolved "https://registry.yarnpkg.com/xmlhttprequest/-/xmlhttprequest-1.8.0.tgz#67fe075c5c24fef39f9d65f5f7b7fe75171968fc"
  integrity sha1-Z/4HXFwk/vOfnWX197f+dRcZaPw=
